// !$*UTF8*$!
{
	archiveVersion = 1;
	classes = {
	};
	objectVersion = 56;
	objects = {

/* Begin PBXBuildFile section */
		BC50B36F29390A5D00345B6D /* BooksAppApp.swift in Sources */ = {isa = PBXBuildFile; fileRef = BC50B36E29390A5D00345B6D /* BooksAppApp.swift */; };
		BC50B37129390A5D00345B6D /* ContentView.swift in Sources */ = {isa = PBXBuildFile; fileRef = BC50B37029390A5D00345B6D /* ContentView.swift */; };
		BC50B37329390A5E00345B6D /* Assets.xcassets in Resources */ = {isa = PBXBuildFile; fileRef = BC50B37229390A5E00345B6D /* Assets.xcassets */; };
		BC50B37629390A5E00345B6D /* Preview Assets.xcassets in Resources */ = {isa = PBXBuildFile; fileRef = BC50B37529390A5E00345B6D /* Preview Assets.xcassets */; };
		BC50B38029390A5F00345B6D /* BooksAppTests.swift in Sources */ = {isa = PBXBuildFile; fileRef = BC50B37F29390A5F00345B6D /* BooksAppTests.swift */; };
		BC50B38A29390A5F00345B6D /* BooksAppUITests.swift in Sources */ = {isa = PBXBuildFile; fileRef = BC50B38929390A5F00345B6D /* BooksAppUITests.swift */; };
		BC50B38C29390A5F00345B6D /* BooksAppUITestsLaunchTests.swift in Sources */ = {isa = PBXBuildFile; fileRef = BC50B38B29390A5F00345B6D /* BooksAppUITestsLaunchTests.swift */; };
/* End PBXBuildFile section */

/* Begin PBXContainerItemProxy section */
		BC50B37C29390A5F00345B6D /* PBXContainerItemProxy */ = {
			isa = PBXContainerItemProxy;
			containerPortal = BC50B36329390A5D00345B6D /* Project object */;
			proxyType = 1;
			remoteGlobalIDString = BC50B36A29390A5D00345B6D;
			remoteInfo = BooksApp;
		};
		BC50B38629390A5F00345B6D /* PBXContainerItemProxy */ = {
			isa = PBXContainerItemProxy;
			containerPortal = BC50B36329390A5D00345B6D /* Project object */;
			proxyType = 1;
			remoteGlobalIDString = BC50B36A29390A5D00345B6D;
			remoteInfo = BooksApp;
		};
/* End PBXContainerItemProxy section */

/* Begin PBXFileReference section */
		BC50B36B29390A5D00345B6D /* BooksApp.app */ = {isa = PBXFileReference; explicitFileType = wrapper.application; includeInIndex = 0; path = BooksApp.app; sourceTree = BUILT_PRODUCTS_DIR; };
		BC50B36E29390A5D00345B6D /* BooksAppApp.swift */ = {isa = PBXFileReference; lastKnownFileType = sourcecode.swift; path = BooksAppApp.swift; sourceTree = "<group>"; };
		BC50B37029390A5D00345B6D /* ContentView.swift */ = {isa = PBXFileReference; lastKnownFileType = sourcecode.swift; path = ContentView.swift; sourceTree = "<group>"; };
		BC50B37229390A5E00345B6D /* Assets.xcassets */ = {isa = PBXFileReference; lastKnownFileType = folder.assetcatalog; path = Assets.xcassets; sourceTree = "<group>"; };
		BC50B37529390A5E00345B6D /* Preview Assets.xcassets */ = {isa = PBXFileReference; lastKnownFileType = folder.assetcatalog; path = "Preview Assets.xcassets"; sourceTree = "<group>"; };
		BC50B37B29390A5F00345B6D /* BooksAppTests.xctest */ = {isa = PBXFileReference; explicitFileType = wrapper.cfbundle; includeInIndex = 0; path = BooksAppTests.xctest; sourceTree = BUILT_PRODUCTS_DIR; };
		BC50B37F29390A5F00345B6D /* BooksAppTests.swift */ = {isa = PBXFileReference; lastKnownFileType = sourcecode.swift; path = BooksAppTests.swift; sourceTree = "<group>"; };
		BC50B38529390A5F00345B6D /* BooksAppUITests.xctest */ = {isa = PBXFileReference; explicitFileType = wrapper.cfbundle; includeInIndex = 0; path = BooksAppUITests.xctest; sourceTree = BUILT_PRODUCTS_DIR; };
		BC50B38929390A5F00345B6D /* BooksAppUITests.swift */ = {isa = PBXFileReference; lastKnownFileType = sourcecode.swift; path = BooksAppUITests.swift; sourceTree = "<group>"; };
		BC50B38B29390A5F00345B6D /* BooksAppUITestsLaunchTests.swift */ = {isa = PBXFileReference; lastKnownFileType = sourcecode.swift; path = BooksAppUITestsLaunchTests.swift; sourceTree = "<group>"; };
/* End PBXFileReference section */

/* Begin PBXFrameworksBuildPhase section */
		BC50B36829390A5D00345B6D /* Frameworks */ = {
			isa = PBXFrameworksBuildPhase;
			buildActionMask = 2147483647;
			files = (
			);
			runOnlyForDeploymentPostprocessing = 0;
		};
		BC50B37829390A5F00345B6D /* Frameworks */ = {
			isa = PBXFrameworksBuildPhase;
			buildActionMask = 2147483647;
			files = (
			);
			runOnlyForDeploymentPostprocessing = 0;
		};
		BC50B38229390A5F00345B6D /* Frameworks */ = {
			isa = PBXFrameworksBuildPhase;
			buildActionMask = 2147483647;
			files = (
			);
			runOnlyForDeploymentPostprocessing = 0;
		};
/* End PBXFrameworksBuildPhase section */

/* Begin PBXGroup section */
		BC50B36229390A5D00345B6D = {
			isa = PBXGroup;
			children = (
				BC50B36D29390A5D00345B6D /* BooksApp */,
				BC50B37E29390A5F00345B6D /* BooksAppTests */,
				BC50B38829390A5F00345B6D /* BooksAppUITests */,
				BC50B36C29390A5D00345B6D /* Products */,
			);
			sourceTree = "<group>";
		};
		BC50B36C29390A5D00345B6D /* Products */ = {
			isa = PBXGroup;
			children = (
				BC50B36B29390A5D00345B6D /* BooksApp.app */,
				BC50B37B29390A5F00345B6D /* BooksAppTests.xctest */,
				BC50B38529390A5F00345B6D /* BooksAppUITests.xctest */,
			);
			name = Products;
			sourceTree = "<group>";
		};
		BC50B36D29390A5D00345B6D /* BooksApp */ = {
			isa = PBXGroup;
			children = (
				BC50B36E29390A5D00345B6D /* BooksAppApp.swift */,
				BC50B37029390A5D00345B6D /* ContentView.swift */,
				BC50B37229390A5E00345B6D /* Assets.xcassets */,
				BC50B37429390A5E00345B6D /* Preview Content */,
			);
			path = BooksApp;
			sourceTree = "<group>";
		};
		BC50B37429390A5E00345B6D /* Preview Content */ = {
			isa = PBXGroup;
			children = (
				BC50B37529390A5E00345B6D /* Preview Assets.xcassets */,
			);
			path = "Preview Content";
			sourceTree = "<group>";
		};
		BC50B37E29390A5F00345B6D /* BooksAppTests */ = {
			isa = PBXGroup;
			children = (
				BC50B37F29390A5F00345B6D /* BooksAppTests.swift */,
			);
			path = BooksAppTests;
			sourceTree = "<group>";
		};
		BC50B38829390A5F00345B6D /* BooksAppUITests */ = {
			isa = PBXGroup;
			children = (
				BC50B38929390A5F00345B6D /* BooksAppUITests.swift */,
				BC50B38B29390A5F00345B6D /* BooksAppUITestsLaunchTests.swift */,
			);
			path = BooksAppUITests;
			sourceTree = "<group>";
		};
/* End PBXGroup section */

/* Begin PBXNativeTarget section */
		BC50B36A29390A5D00345B6D /* BooksApp */ = {
			isa = PBXNativeTarget;
			buildConfigurationList = BC50B38F29390A5F00345B6D /* Build configuration list for PBXNativeTarget "BooksApp" */;
			buildPhases = (
				BC50B36729390A5D00345B6D /* Sources */,
				BC50B36829390A5D00345B6D /* Frameworks */,
				BC50B36929390A5D00345B6D /* Resources */,
			);
			buildRules = (
			);
			dependencies = (
			);
			name = BooksApp;
			productName = BooksApp;
			productReference = BC50B36B29390A5D00345B6D /* BooksApp.app */;
			productType = "com.apple.product-type.application";
		};
		BC50B37A29390A5F00345B6D /* BooksAppTests */ = {
			isa = PBXNativeTarget;
			buildConfigurationList = BC50B39229390A5F00345B6D /* Build configuration list for PBXNativeTarget "BooksAppTests" */;
			buildPhases = (
				BC50B37729390A5F00345B6D /* Sources */,
				BC50B37829390A5F00345B6D /* Frameworks */,
				BC50B37929390A5F00345B6D /* Resources */,
			);
			buildRules = (
			);
			dependencies = (
				BC50B37D29390A5F00345B6D /* PBXTargetDependency */,
			);
			name = BooksAppTests;
			productName = BooksAppTests;
			productReference = BC50B37B29390A5F00345B6D /* BooksAppTests.xctest */;
			productType = "com.apple.product-type.bundle.unit-test";
		};
		BC50B38429390A5F00345B6D /* BooksAppUITests */ = {
			isa = PBXNativeTarget;
			buildConfigurationList = BC50B39529390A5F00345B6D /* Build configuration list for PBXNativeTarget "BooksAppUITests" */;
			buildPhases = (
				BC50B38129390A5F00345B6D /* Sources */,
				BC50B38229390A5F00345B6D /* Frameworks */,
				BC50B38329390A5F00345B6D /* Resources */,
			);
			buildRules = (
			);
			dependencies = (
				BC50B38729390A5F00345B6D /* PBXTargetDependency */,
			);
			name = BooksAppUITests;
			productName = BooksAppUITests;
			productReference = BC50B38529390A5F00345B6D /* BooksAppUITests.xctest */;
			productType = "com.apple.product-type.bundle.ui-testing";
		};
/* End PBXNativeTarget section */

/* Begin PBXProject section */
		BC50B36329390A5D00345B6D /* Project object */ = {
			isa = PBXProject;
			attributes = {
				BuildIndependentTargetsInParallel = 1;
				LastSwiftUpdateCheck = 1410;
				LastUpgradeCheck = 1410;
				TargetAttributes = {
					BC50B36A29390A5D00345B6D = {
						CreatedOnToolsVersion = 14.1;
					};
					BC50B37A29390A5F00345B6D = {
						CreatedOnToolsVersion = 14.1;
						TestTargetID = BC50B36A29390A5D00345B6D;
					};
					BC50B38429390A5F00345B6D = {
						CreatedOnToolsVersion = 14.1;
						TestTargetID = BC50B36A29390A5D00345B6D;
					};
				};
			};
			buildConfigurationList = BC50B36629390A5D00345B6D /* Build configuration list for PBXProject "BooksApp" */;
			compatibilityVersion = "Xcode 14.0";
			developmentRegion = en;
			hasScannedForEncodings = 0;
			knownRegions = (
				en,
				Base,
			);
			mainGroup = BC50B36229390A5D00345B6D;
			productRefGroup = BC50B36C29390A5D00345B6D /* Products */;
			projectDirPath = "";
			projectRoot = "";
			targets = (
				BC50B36A29390A5D00345B6D /* BooksApp */,
				BC50B37A29390A5F00345B6D /* BooksAppTests */,
				BC50B38429390A5F00345B6D /* BooksAppUITests */,
			);
		};
/* End PBXProject section */

/* Begin PBXResourcesBuildPhase section */
		BC50B36929390A5D00345B6D /* Resources */ = {
			isa = PBXResourcesBuildPhase;
			buildActionMask = 2147483647;
			files = (
				BC50B37629390A5E00345B6D /* Preview Assets.xcassets in Resources */,
				BC50B37329390A5E00345B6D /* Assets.xcassets in Resources */,
			);
			runOnlyForDeploymentPostprocessing = 0;
		};
		BC50B37929390A5F00345B6D /* Resources */ = {
			isa = PBXResourcesBuildPhase;
			buildActionMask = 2147483647;
			files = (
			);
			runOnlyForDeploymentPostprocessing = 0;
		};
		BC50B38329390A5F00345B6D /* Resources */ = {
			isa = PBXResourcesBuildPhase;
			buildActionMask = 2147483647;
			files = (
			);
			runOnlyForDeploymentPostprocessing = 0;
		};
/* End PBXResourcesBuildPhase section */

/* Begin PBXSourcesBuildPhase section */
		BC50B36729390A5D00345B6D /* Sources */ = {
			isa = PBXSourcesBuildPhase;
			buildActionMask = 2147483647;
			files = (
				BC50B37129390A5D00345B6D /* ContentView.swift in Sources */,
				BC50B36F29390A5D00345B6D /* BooksAppApp.swift in Sources */,
			);
			runOnlyForDeploymentPostprocessing = 0;
		};
		BC50B37729390A5F00345B6D /* Sources */ = {
			isa = PBXSourcesBuildPhase;
			buildActionMask = 2147483647;
			files = (
				BC50B38029390A5F00345B6D /* BooksAppTests.swift in Sources */,
			);
			runOnlyForDeploymentPostprocessing = 0;
		};
		BC50B38129390A5F00345B6D /* Sources */ = {
			isa = PBXSourcesBuildPhase;
			buildActionMask = 2147483647;
			files = (
				BC50B38C29390A5F00345B6D /* BooksAppUITestsLaunchTests.swift in Sources */,
				BC50B38A29390A5F00345B6D /* BooksAppUITests.swift in Sources */,
			);
			runOnlyForDeploymentPostprocessing = 0;
		};
/* End PBXSourcesBuildPhase section */

/* Begin PBXTargetDependency section */
		BC50B37D29390A5F00345B6D /* PBXTargetDependency */ = {
			isa = PBXTargetDependency;
			target = BC50B36A29390A5D00345B6D /* BooksApp */;
			targetProxy = BC50B37C29390A5F00345B6D /* PBXContainerItemProxy */;
		};
		BC50B38729390A5F00345B6D /* PBXTargetDependency */ = {
			isa = PBXTargetDependency;
			target = BC50B36A29390A5D00345B6D /* BooksApp */;
			targetProxy = BC50B38629390A5F00345B6D /* PBXContainerItemProxy */;
		};
/* End PBXTargetDependency section */

/* Begin XCBuildConfiguration section */
		BC50B38D29390A5F00345B6D /* Debug */ = {
			isa = XCBuildConfiguration;
			buildSettings = {
				ALWAYS_SEARCH_USER_PATHS = NO;
				CLANG_ANALYZER_NONNULL = YES;
				CLANG_ANALYZER_NUMBER_OBJECT_CONVERSION = YES_AGGRESSIVE;
				CLANG_CXX_LANGUAGE_STANDARD = "gnu++20";
				CLANG_ENABLE_MODULES = YES;
				CLANG_ENABLE_OBJC_ARC = YES;
				CLANG_ENABLE_OBJC_WEAK = YES;
				CLANG_WARN_BLOCK_CAPTURE_AUTORELEASING = YES;
				CLANG_WARN_BOOL_CONVERSION = YES;
				CLANG_WARN_COMMA = YES;
				CLANG_WARN_CONSTANT_CONVERSION = YES;
				CLANG_WARN_DEPRECATED_OBJC_IMPLEMENTATIONS = YES;
				CLANG_WARN_DIRECT_OBJC_ISA_USAGE = YES_ERROR;
				CLANG_WARN_DOCUMENTATION_COMMENTS = YES;
				CLANG_WARN_EMPTY_BODY = YES;
				CLANG_WARN_ENUM_CONVERSION = YES;
				CLANG_WARN_INFINITE_RECURSION = YES;
				CLANG_WARN_INT_CONVERSION = YES;
				CLANG_WARN_NON_LITERAL_NULL_CONVERSION = YES;
				CLANG_WARN_OBJC_IMPLICIT_RETAIN_SELF = YES;
				CLANG_WARN_OBJC_LITERAL_CONVERSION = YES;
				CLANG_WARN_OBJC_ROOT_CLASS = YES_ERROR;
				CLANG_WARN_QUOTED_INCLUDE_IN_FRAMEWORK_HEADER = YES;
				CLANG_WARN_RANGE_LOOP_ANALYSIS = YES;
				CLANG_WARN_STRICT_PROTOTYPES = YES;
				CLANG_WARN_SUSPICIOUS_MOVE = YES;
				CLANG_WARN_UNGUARDED_AVAILABILITY = YES_AGGRESSIVE;
				CLANG_WARN_UNREACHABLE_CODE = YES;
				CLANG_WARN__DUPLICATE_METHOD_MATCH = YES;
				COPY_PHASE_STRIP = NO;
				DEBUG_INFORMATION_FORMAT = dwarf;
				ENABLE_STRICT_OBJC_MSGSEND = YES;
				ENABLE_TESTABILITY = YES;
				GCC_C_LANGUAGE_STANDARD = gnu11;
				GCC_DYNAMIC_NO_PIC = NO;
				GCC_NO_COMMON_BLOCKS = YES;
				GCC_OPTIMIZATION_LEVEL = 0;
				GCC_PREPROCESSOR_DEFINITIONS = (
					"DEBUG=1",
					"$(inherited)",
				);
				GCC_WARN_64_TO_32_BIT_CONVERSION = YES;
				GCC_WARN_ABOUT_RETURN_TYPE = YES_ERROR;
				GCC_WARN_UNDECLARED_SELECTOR = YES;
				GCC_WARN_UNINITIALIZED_AUTOS = YES_AGGRESSIVE;
				GCC_WARN_UNUSED_FUNCTION = YES;
				GCC_WARN_UNUSED_VARIABLE = YES;
				IPHONEOS_DEPLOYMENT_TARGET = 16.1;
				MTL_ENABLE_DEBUG_INFO = INCLUDE_SOURCE;
				MTL_FAST_MATH = YES;
				ONLY_ACTIVE_ARCH = YES;
				SDKROOT = iphoneos;
				SWIFT_ACTIVE_COMPILATION_CONDITIONS = DEBUG;
				SWIFT_OPTIMIZATION_LEVEL = "-Onone";
			};
			name = Debug;
		};
		BC50B38E29390A5F00345B6D /* Release */ = {
			isa = XCBuildConfiguration;
			buildSettings = {
				ALWAYS_SEARCH_USER_PATHS = NO;
				CLANG_ANALYZER_NONNULL = YES;
				CLANG_ANALYZER_NUMBER_OBJECT_CONVERSION = YES_AGGRESSIVE;
				CLANG_CXX_LANGUAGE_STANDARD = "gnu++20";
				CLANG_ENABLE_MODULES = YES;
				CLANG_ENABLE_OBJC_ARC = YES;
				CLANG_ENABLE_OBJC_WEAK = YES;
				CLANG_WARN_BLOCK_CAPTURE_AUTORELEASING = YES;
				CLANG_WARN_BOOL_CONVERSION = YES;
				CLANG_WARN_COMMA = YES;
				CLANG_WARN_CONSTANT_CONVERSION = YES;
				CLANG_WARN_DEPRECATED_OBJC_IMPLEMENTATIONS = YES;
				CLANG_WARN_DIRECT_OBJC_ISA_USAGE = YES_ERROR;
				CLANG_WARN_DOCUMENTATION_COMMENTS = YES;
				CLANG_WARN_EMPTY_BODY = YES;
				CLANG_WARN_ENUM_CONVERSION = YES;
				CLANG_WARN_INFINITE_RECURSION = YES;
				CLANG_WARN_INT_CONVERSION = YES;
				CLANG_WARN_NON_LITERAL_NULL_CONVERSION = YES;
				CLANG_WARN_OBJC_IMPLICIT_RETAIN_SELF = YES;
				CLANG_WARN_OBJC_LITERAL_CONVERSION = YES;
				CLANG_WARN_OBJC_ROOT_CLASS = YES_ERROR;
				CLANG_WARN_QUOTED_INCLUDE_IN_FRAMEWORK_HEADER = YES;
				CLANG_WARN_RANGE_LOOP_ANALYSIS = YES;
				CLANG_WARN_STRICT_PROTOTYPES = YES;
				CLANG_WARN_SUSPICIOUS_MOVE = YES;
				CLANG_WARN_UNGUARDED_AVAILABILITY = YES_AGGRESSIVE;
				CLANG_WARN_UNREACHABLE_CODE = YES;
				CLANG_WARN__DUPLICATE_METHOD_MATCH = YES;
				COPY_PHASE_STRIP = NO;
				DEBUG_INFORMATION_FORMAT = "dwarf-with-dsym";
				ENABLE_NS_ASSERTIONS = NO;
				ENABLE_STRICT_OBJC_MSGSEND = YES;
				GCC_C_LANGUAGE_STANDARD = gnu11;
				GCC_NO_COMMON_BLOCKS = YES;
				GCC_WARN_64_TO_32_BIT_CONVERSION = YES;
				GCC_WARN_ABOUT_RETURN_TYPE = YES_ERROR;
				GCC_WARN_UNDECLARED_SELECTOR = YES;
				GCC_WARN_UNINITIALIZED_AUTOS = YES_AGGRESSIVE;
				GCC_WARN_UNUSED_FUNCTION = YES;
				GCC_WARN_UNUSED_VARIABLE = YES;
				IPHONEOS_DEPLOYMENT_TARGET = 16.1;
				MTL_ENABLE_DEBUG_INFO = NO;
				MTL_FAST_MATH = YES;
				SDKROOT = iphoneos;
				SWIFT_COMPILATION_MODE = wholemodule;
				SWIFT_OPTIMIZATION_LEVEL = "-O";
				VALIDATE_PRODUCT = YES;
			};
			name = Release;
		};
		BC50B39029390A5F00345B6D /* Debug */ = {
			isa = XCBuildConfiguration;
			buildSettings = {
				ASSETCATALOG_COMPILER_APPICON_NAME = AppIcon;
				ASSETCATALOG_COMPILER_GLOBAL_ACCENT_COLOR_NAME = AccentColor;
				CODE_SIGN_STYLE = Automatic;
				CURRENT_PROJECT_VERSION = 1;
				DEVELOPMENT_ASSET_PATHS = "\"BooksApp/Preview Content\"";
				ENABLE_PREVIEWS = YES;
				GENERATE_INFOPLIST_FILE = YES;
				INFOPLIST_KEY_UIApplicationSceneManifest_Generation = YES;
				INFOPLIST_KEY_UIApplicationSupportsIndirectInputEvents = YES;
				INFOPLIST_KEY_UILaunchScreen_Generation = YES;
				INFOPLIST_KEY_UISupportedInterfaceOrientations_iPad = "UIInterfaceOrientationPortrait UIInterfaceOrientationPortraitUpsideDown UIInterfaceOrientationLandscapeLeft UIInterfaceOrientationLandscapeRight";
				INFOPLIST_KEY_UISupportedInterfaceOrientations_iPhone = "UIInterfaceOrientationPortrait UIInterfaceOrientationLandscapeLeft UIInterfaceOrientationLandscapeRight";
				LD_RUNPATH_SEARCH_PATHS = (
					"$(inherited)",
					"@executable_path/Frameworks",
				);
				MARKETING_VERSION = 1.0;
				PRODUCT_BUNDLE_IDENTIFIER = AlexHristov.BooksApp;
				PRODUCT_NAME = "$(TARGET_NAME)";
				SWIFT_EMIT_LOC_STRINGS = YES;
				SWIFT_VERSION = 5.0;
				TARGETED_DEVICE_FAMILY = "1,2";
			};
			name = Debug;
		};
		BC50B39129390A5F00345B6D /* Release */ = {
			isa = XCBuildConfiguration;
			buildSettings = {
				ASSETCATALOG_COMPILER_APPICON_NAME = AppIcon;
				ASSETCATALOG_COMPILER_GLOBAL_ACCENT_COLOR_NAME = AccentColor;
				CODE_SIGN_STYLE = Automatic;
				CURRENT_PROJECT_VERSION = 1;
				DEVELOPMENT_ASSET_PATHS = "\"BooksApp/Preview Content\"";
				ENABLE_PREVIEWS = YES;
				GENERATE_INFOPLIST_FILE = YES;
				INFOPLIST_KEY_UIApplicationSceneManifest_Generation = YES;
				INFOPLIST_KEY_UIApplicationSupportsIndirectInputEvents = YES;
				INFOPLIST_KEY_UILaunchScreen_Generation = YES;
				INFOPLIST_KEY_UISupportedInterfaceOrientations_iPad = "UIInterfaceOrientationPortrait UIInterfaceOrientationPortraitUpsideDown UIInterfaceOrientationLandscapeLeft UIInterfaceOrientationLandscapeRight";
				INFOPLIST_KEY_UISupportedInterfaceOrientations_iPhone = "UIInterfaceOrientationPortrait UIInterfaceOrientationLandscapeLeft UIInterfaceOrientationLandscapeRight";
				LD_RUNPATH_SEARCH_PATHS = (
					"$(inherited)",
					"@executable_path/Frameworks",
				);
				MARKETING_VERSION = 1.0;
				PRODUCT_BUNDLE_IDENTIFIER = AlexHristov.BooksApp;
				PRODUCT_NAME = "$(TARGET_NAME)";
				SWIFT_EMIT_LOC_STRINGS = YES;
				SWIFT_VERSION = 5.0;
				TARGETED_DEVICE_FAMILY = "1,2";
			};
			name = Release;
		};
		BC50B39329390A5F00345B6D /* Debug */ = {
			isa = XCBuildConfiguration;
			buildSettings = {
				ALWAYS_EMBED_SWIFT_STANDARD_LIBRARIES = YES;
				BUNDLE_LOADER = "$(TEST_HOST)";
				CODE_SIGN_STYLE = Automatic;
				CURRENT_PROJECT_VERSION = 1;
				GENERATE_INFOPLIST_FILE = YES;
				IPHONEOS_DEPLOYMENT_TARGET = 16.1;
				MARKETING_VERSION = 1.0;
				PRODUCT_BUNDLE_IDENTIFIER = AlexHristov.BooksAppTests;
				PRODUCT_NAME = "$(TARGET_NAME)";
				SWIFT_EMIT_LOC_STRINGS = NO;
				SWIFT_VERSION = 5.0;
				TARGETED_DEVICE_FAMILY = "1,2";
				TEST_HOST = "$(BUILT_PRODUCTS_DIR)/BooksApp.app/$(BUNDLE_EXECUTABLE_FOLDER_PATH)/BooksApp";
			};
			name = Debug;
		};
		BC50B39429390A5F00345B6D /* Release */ = {
			isa = XCBuildConfiguration;
			buildSettings = {
				ALWAYS_EMBED_SWIFT_STANDARD_LIBRARIES = YES;
				BUNDLE_LOADER = "$(TEST_HOST)";
				CODE_SIGN_STYLE = Automatic;
				CURRENT_PROJECT_VERSION = 1;
				GENERATE_INFOPLIST_FILE = YES;
				IPHONEOS_DEPLOYMENT_TARGET = 16.1;
				MARKETING_VERSION = 1.0;
				PRODUCT_BUNDLE_IDENTIFIER = AlexHristov.BooksAppTests;
				PRODUCT_NAME = "$(TARGET_NAME)";
				SWIFT_EMIT_LOC_STRINGS = NO;
				SWIFT_VERSION = 5.0;
				TARGETED_DEVICE_FAMILY = "1,2";
				TEST_HOST = "$(BUILT_PRODUCTS_DIR)/BooksApp.app/$(BUNDLE_EXECUTABLE_FOLDER_PATH)/BooksApp";
			};
			name = Release;
		};
		BC50B39629390A5F00345B6D /* Debug */ = {
			isa = XCBuildConfiguration;
			buildSettings = {
				ALWAYS_EMBED_SWIFT_STANDARD_LIBRARIES = YES;
				CODE_SIGN_STYLE = Automatic;
				CURRENT_PROJECT_VERSION = 1;
				GENERATE_INFOPLIST_FILE = YES;
				MARKETING_VERSION = 1.0;
				PRODUCT_BUNDLE_IDENTIFIER = AlexHristov.BooksAppUITests;
				PRODUCT_NAME = "$(TARGET_NAME)";
				SWIFT_EMIT_LOC_STRINGS = NO;
				SWIFT_VERSION = 5.0;
				TARGETED_DEVICE_FAMILY = "1,2";
				TEST_TARGET_NAME = BooksApp;
			};
			name = Debug;
		};
		BC50B39729390A5F00345B6D /* Release */ = {
			isa = XCBuildConfiguration;
			buildSettings = {
				ALWAYS_EMBED_SWIFT_STANDARD_LIBRARIES = YES;
				CODE_SIGN_STYLE = Automatic;
				CURRENT_PROJECT_VERSION = 1;
				GENERATE_INFOPLIST_FILE = YES;
				MARKETING_VERSION = 1.0;
				PRODUCT_BUNDLE_IDENTIFIER = AlexHristov.BooksAppUITests;
				PRODUCT_NAME = "$(TARGET_NAME)";
				SWIFT_EMIT_LOC_STRINGS = NO;
				SWIFT_VERSION = 5.0;
				TARGETED_DEVICE_FAMILY = "1,2";
				TEST_TARGET_NAME = BooksApp;
			};
			name = Release;
		};
/* End XCBuildConfiguration section */

/* Begin XCConfigurationList section */
		BC50B36629390A5D00345B6D /* Build configuration list for PBXProject "BooksApp" */ = {
			isa = XCConfigurationList;
			buildConfigurations = (
				BC50B38D29390A5F00345B6D /* Debug */,
				BC50B38E29390A5F00345B6D /* Release */,
			);
			defaultConfigurationIsVisible = 0;
			defaultConfigurationName = Release;
		};
		BC50B38F29390A5F00345B6D /* Build configuration list for PBXNativeTarget "BooksApp" */ = {
			isa = XCConfigurationList;
			buildConfigurations = (
				BC50B39029390A5F00345B6D /* Debug */,
				BC50B39129390A5F00345B6D /* Release */,
			);
			defaultConfigurationIsVisible = 0;
			defaultConfigurationName = Release;
		};
		BC50B39229390A5F00345B6D /* Build configuration list for PBXNativeTarget "BooksAppTests" */ = {
			isa = XCConfigurationList;
			buildConfigurations = (
				BC50B39329390A5F00345B6D /* Debug */,
				BC50B39429390A5F00345B6D /* Release */,
			);
			defaultConfigurationIsVisible = 0;
			defaultConfigurationName = Release;
		};
		BC50B39529390A5F00345B6D /* Build configuration list for PBXNativeTarget "BooksAppUITests" */ = {
			isa = XCConfigurationList;
			buildConfigurations = (
				BC50B39629390A5F00345B6D /* Debug */,
				BC50B39729390A5F00345B6D /* Release */,
			);
			defaultConfigurationIsVisible = 0;
			defaultConfigurationName = Release;
		};
/* End XCConfigurationList section */
	};
	rootObject = BC50B36329390A5D00345B6D /* Project object */;
}
