// !$*UTF8*$!
{
	archiveVersion = 1;
	classes = {
	};
	objectVersion = 56;
	objects = {

/* Begin PBXBuildFile section */
		BC4F0A2F2909210B00F03F6D /* Concetration_GameApp.swift in Sources */ = {isa = PBXBuildFile; fileRef = BC4F0A2E2909210B00F03F6D /* Concetration_GameApp.swift */; };
		BC4F0A312909210B00F03F6D /* ContentView.swift in Sources */ = {isa = PBXBuildFile; fileRef = BC4F0A302909210B00F03F6D /* ContentView.swift */; };
		BC4F0A332909210D00F03F6D /* Assets.xcassets in Resources */ = {isa = PBXBuildFile; fileRef = BC4F0A322909210D00F03F6D /* Assets.xcassets */; };
		BC4F0A362909210D00F03F6D /* Preview Assets.xcassets in Resources */ = {isa = PBXBuildFile; fileRef = BC4F0A352909210D00F03F6D /* Preview Assets.xcassets */; };
		BC4F0A402909210E00F03F6D /* Concetration_GameTests.swift in Sources */ = {isa = PBXBuildFile; fileRef = BC4F0A3F2909210E00F03F6D /* Concetration_GameTests.swift */; };
		BC4F0A4A2909210E00F03F6D /* Concetration_GameUITests.swift in Sources */ = {isa = PBXBuildFile; fileRef = BC4F0A492909210E00F03F6D /* Concetration_GameUITests.swift */; };
		BC4F0A4C2909210E00F03F6D /* Concetration_GameUITestsLaunchTests.swift in Sources */ = {isa = PBXBuildFile; fileRef = BC4F0A4B2909210E00F03F6D /* Concetration_GameUITestsLaunchTests.swift */; };
/* End PBXBuildFile section */

/* Begin PBXContainerItemProxy section */
		BC4F0A3C2909210E00F03F6D /* PBXContainerItemProxy */ = {
			isa = PBXContainerItemProxy;
			containerPortal = BC4F0A232909210B00F03F6D /* Project object */;
			proxyType = 1;
			remoteGlobalIDString = BC4F0A2A2909210B00F03F6D;
			remoteInfo = "Concetration Game";
		};
		BC4F0A462909210E00F03F6D /* PBXContainerItemProxy */ = {
			isa = PBXContainerItemProxy;
			containerPortal = BC4F0A232909210B00F03F6D /* Project object */;
			proxyType = 1;
			remoteGlobalIDString = BC4F0A2A2909210B00F03F6D;
			remoteInfo = "Concetration Game";
		};
/* End PBXContainerItemProxy section */

/* Begin PBXFileReference section */
		BC4F0A2B2909210B00F03F6D /* Concetration Game.app */ = {isa = PBXFileReference; explicitFileType = wrapper.application; includeInIndex = 0; path = "Concetration Game.app"; sourceTree = BUILT_PRODUCTS_DIR; };
		BC4F0A2E2909210B00F03F6D /* Concetration_GameApp.swift */ = {isa = PBXFileReference; lastKnownFileType = sourcecode.swift; path = Concetration_GameApp.swift; sourceTree = "<group>"; };
		BC4F0A302909210B00F03F6D /* ContentView.swift */ = {isa = PBXFileReference; lastKnownFileType = sourcecode.swift; path = ContentView.swift; sourceTree = "<group>"; };
		BC4F0A322909210D00F03F6D /* Assets.xcassets */ = {isa = PBXFileReference; lastKnownFileType = folder.assetcatalog; path = Assets.xcassets; sourceTree = "<group>"; };
		BC4F0A352909210D00F03F6D /* Preview Assets.xcassets */ = {isa = PBXFileReference; lastKnownFileType = folder.assetcatalog; path = "Preview Assets.xcassets"; sourceTree = "<group>"; };
		BC4F0A3B2909210E00F03F6D /* Concetration GameTests.xctest */ = {isa = PBXFileReference; explicitFileType = wrapper.cfbundle; includeInIndex = 0; path = "Concetration GameTests.xctest"; sourceTree = BUILT_PRODUCTS_DIR; };
		BC4F0A3F2909210E00F03F6D /* Concetration_GameTests.swift */ = {isa = PBXFileReference; lastKnownFileType = sourcecode.swift; path = Concetration_GameTests.swift; sourceTree = "<group>"; };
		BC4F0A452909210E00F03F6D /* Concetration GameUITests.xctest */ = {isa = PBXFileReference; explicitFileType = wrapper.cfbundle; includeInIndex = 0; path = "Concetration GameUITests.xctest"; sourceTree = BUILT_PRODUCTS_DIR; };
		BC4F0A492909210E00F03F6D /* Concetration_GameUITests.swift */ = {isa = PBXFileReference; lastKnownFileType = sourcecode.swift; path = Concetration_GameUITests.swift; sourceTree = "<group>"; };
		BC4F0A4B2909210E00F03F6D /* Concetration_GameUITestsLaunchTests.swift */ = {isa = PBXFileReference; lastKnownFileType = sourcecode.swift; path = Concetration_GameUITestsLaunchTests.swift; sourceTree = "<group>"; };
/* End PBXFileReference section */

/* Begin PBXFrameworksBuildPhase section */
		BC4F0A282909210B00F03F6D /* Frameworks */ = {
			isa = PBXFrameworksBuildPhase;
			buildActionMask = 2147483647;
			files = (
			);
			runOnlyForDeploymentPostprocessing = 0;
		};
		BC4F0A382909210E00F03F6D /* Frameworks */ = {
			isa = PBXFrameworksBuildPhase;
			buildActionMask = 2147483647;
			files = (
			);
			runOnlyForDeploymentPostprocessing = 0;
		};
		BC4F0A422909210E00F03F6D /* Frameworks */ = {
			isa = PBXFrameworksBuildPhase;
			buildActionMask = 2147483647;
			files = (
			);
			runOnlyForDeploymentPostprocessing = 0;
		};
/* End PBXFrameworksBuildPhase section */

/* Begin PBXGroup section */
		BC4F0A222909210B00F03F6D = {
			isa = PBXGroup;
			children = (
				BC4F0A2D2909210B00F03F6D /* Concetration Game */,
				BC4F0A3E2909210E00F03F6D /* Concetration GameTests */,
				BC4F0A482909210E00F03F6D /* Concetration GameUITests */,
				BC4F0A2C2909210B00F03F6D /* Products */,
			);
			sourceTree = "<group>";
		};
		BC4F0A2C2909210B00F03F6D /* Products */ = {
			isa = PBXGroup;
			children = (
				BC4F0A2B2909210B00F03F6D /* Concetration Game.app */,
				BC4F0A3B2909210E00F03F6D /* Concetration GameTests.xctest */,
				BC4F0A452909210E00F03F6D /* Concetration GameUITests.xctest */,
			);
			name = Products;
			sourceTree = "<group>";
		};
		BC4F0A2D2909210B00F03F6D /* Concetration Game */ = {
			isa = PBXGroup;
			children = (
				BC4F0A2E2909210B00F03F6D /* Concetration_GameApp.swift */,
				BC4F0A302909210B00F03F6D /* ContentView.swift */,
				BC4F0A322909210D00F03F6D /* Assets.xcassets */,
				BC4F0A342909210D00F03F6D /* Preview Content */,
			);
			path = "Concetration Game";
			sourceTree = "<group>";
		};
		BC4F0A342909210D00F03F6D /* Preview Content */ = {
			isa = PBXGroup;
			children = (
				BC4F0A352909210D00F03F6D /* Preview Assets.xcassets */,
			);
			path = "Preview Content";
			sourceTree = "<group>";
		};
		BC4F0A3E2909210E00F03F6D /* Concetration GameTests */ = {
			isa = PBXGroup;
			children = (
				BC4F0A3F2909210E00F03F6D /* Concetration_GameTests.swift */,
			);
			path = "Concetration GameTests";
			sourceTree = "<group>";
		};
		BC4F0A482909210E00F03F6D /* Concetration GameUITests */ = {
			isa = PBXGroup;
			children = (
				BC4F0A492909210E00F03F6D /* Concetration_GameUITests.swift */,
				BC4F0A4B2909210E00F03F6D /* Concetration_GameUITestsLaunchTests.swift */,
			);
			path = "Concetration GameUITests";
			sourceTree = "<group>";
		};
/* End PBXGroup section */

/* Begin PBXNativeTarget section */
		BC4F0A2A2909210B00F03F6D /* Concetration Game */ = {
			isa = PBXNativeTarget;
			buildConfigurationList = BC4F0A4F2909210E00F03F6D /* Build configuration list for PBXNativeTarget "Concetration Game" */;
			buildPhases = (
				BC4F0A272909210B00F03F6D /* Sources */,
				BC4F0A282909210B00F03F6D /* Frameworks */,
				BC4F0A292909210B00F03F6D /* Resources */,
			);
			buildRules = (
			);
			dependencies = (
			);
			name = "Concetration Game";
			productName = "Concetration Game";
			productReference = BC4F0A2B2909210B00F03F6D /* Concetration Game.app */;
			productType = "com.apple.product-type.application";
		};
		BC4F0A3A2909210E00F03F6D /* Concetration GameTests */ = {
			isa = PBXNativeTarget;
			buildConfigurationList = BC4F0A522909210E00F03F6D /* Build configuration list for PBXNativeTarget "Concetration GameTests" */;
			buildPhases = (
				BC4F0A372909210E00F03F6D /* Sources */,
				BC4F0A382909210E00F03F6D /* Frameworks */,
				BC4F0A392909210E00F03F6D /* Resources */,
			);
			buildRules = (
			);
			dependencies = (
				BC4F0A3D2909210E00F03F6D /* PBXTargetDependency */,
			);
			name = "Concetration GameTests";
			productName = "Concetration GameTests";
			productReference = BC4F0A3B2909210E00F03F6D /* Concetration GameTests.xctest */;
			productType = "com.apple.product-type.bundle.unit-test";
		};
		BC4F0A442909210E00F03F6D /* Concetration GameUITests */ = {
			isa = PBXNativeTarget;
			buildConfigurationList = BC4F0A552909210E00F03F6D /* Build configuration list for PBXNativeTarget "Concetration GameUITests" */;
			buildPhases = (
				BC4F0A412909210E00F03F6D /* Sources */,
				BC4F0A422909210E00F03F6D /* Frameworks */,
				BC4F0A432909210E00F03F6D /* Resources */,
			);
			buildRules = (
			);
			dependencies = (
				BC4F0A472909210E00F03F6D /* PBXTargetDependency */,
			);
			name = "Concetration GameUITests";
			productName = "Concetration GameUITests";
			productReference = BC4F0A452909210E00F03F6D /* Concetration GameUITests.xctest */;
			productType = "com.apple.product-type.bundle.ui-testing";
		};
/* End PBXNativeTarget section */

/* Begin PBXProject section */
		BC4F0A232909210B00F03F6D /* Project object */ = {
			isa = PBXProject;
			attributes = {
				BuildIndependentTargetsInParallel = 1;
				LastSwiftUpdateCheck = 1400;
				LastUpgradeCheck = 1400;
				TargetAttributes = {
					BC4F0A2A2909210B00F03F6D = {
						CreatedOnToolsVersion = 14.0.1;
					};
					BC4F0A3A2909210E00F03F6D = {
						CreatedOnToolsVersion = 14.0.1;
						TestTargetID = BC4F0A2A2909210B00F03F6D;
					};
					BC4F0A442909210E00F03F6D = {
						CreatedOnToolsVersion = 14.0.1;
						TestTargetID = BC4F0A2A2909210B00F03F6D;
					};
				};
			};
			buildConfigurationList = BC4F0A262909210B00F03F6D /* Build configuration list for PBXProject "Concetration Game" */;
			compatibilityVersion = "Xcode 14.0";
			developmentRegion = en;
			hasScannedForEncodings = 0;
			knownRegions = (
				en,
				Base,
			);
			mainGroup = BC4F0A222909210B00F03F6D;
			productRefGroup = BC4F0A2C2909210B00F03F6D /* Products */;
			projectDirPath = "";
			projectRoot = "";
			targets = (
				BC4F0A2A2909210B00F03F6D /* Concetration Game */,
				BC4F0A3A2909210E00F03F6D /* Concetration GameTests */,
				BC4F0A442909210E00F03F6D /* Concetration GameUITests */,
			);
		};
/* End PBXProject section */

/* Begin PBXResourcesBuildPhase section */
		BC4F0A292909210B00F03F6D /* Resources */ = {
			isa = PBXResourcesBuildPhase;
			buildActionMask = 2147483647;
			files = (
				BC4F0A362909210D00F03F6D /* Preview Assets.xcassets in Resources */,
				BC4F0A332909210D00F03F6D /* Assets.xcassets in Resources */,
			);
			runOnlyForDeploymentPostprocessing = 0;
		};
		BC4F0A392909210E00F03F6D /* Resources */ = {
			isa = PBXResourcesBuildPhase;
			buildActionMask = 2147483647;
			files = (
			);
			runOnlyForDeploymentPostprocessing = 0;
		};
		BC4F0A432909210E00F03F6D /* Resources */ = {
			isa = PBXResourcesBuildPhase;
			buildActionMask = 2147483647;
			files = (
			);
			runOnlyForDeploymentPostprocessing = 0;
		};
/* End PBXResourcesBuildPhase section */

/* Begin PBXSourcesBuildPhase section */
		BC4F0A272909210B00F03F6D /* Sources */ = {
			isa = PBXSourcesBuildPhase;
			buildActionMask = 2147483647;
			files = (
				BC4F0A312909210B00F03F6D /* ContentView.swift in Sources */,
				BC4F0A2F2909210B00F03F6D /* Concetration_GameApp.swift in Sources */,
			);
			runOnlyForDeploymentPostprocessing = 0;
		};
		BC4F0A372909210E00F03F6D /* Sources */ = {
			isa = PBXSourcesBuildPhase;
			buildActionMask = 2147483647;
			files = (
				BC4F0A402909210E00F03F6D /* Concetration_GameTests.swift in Sources */,
			);
			runOnlyForDeploymentPostprocessing = 0;
		};
		BC4F0A412909210E00F03F6D /* Sources */ = {
			isa = PBXSourcesBuildPhase;
			buildActionMask = 2147483647;
			files = (
				BC4F0A4A2909210E00F03F6D /* Concetration_GameUITests.swift in Sources */,
				BC4F0A4C2909210E00F03F6D /* Concetration_GameUITestsLaunchTests.swift in Sources */,
			);
			runOnlyForDeploymentPostprocessing = 0;
		};
/* End PBXSourcesBuildPhase section */

/* Begin PBXTargetDependency section */
		BC4F0A3D2909210E00F03F6D /* PBXTargetDependency */ = {
			isa = PBXTargetDependency;
			target = BC4F0A2A2909210B00F03F6D /* Concetration Game */;
			targetProxy = BC4F0A3C2909210E00F03F6D /* PBXContainerItemProxy */;
		};
		BC4F0A472909210E00F03F6D /* PBXTargetDependency */ = {
			isa = PBXTargetDependency;
			target = BC4F0A2A2909210B00F03F6D /* Concetration Game */;
			targetProxy = BC4F0A462909210E00F03F6D /* PBXContainerItemProxy */;
		};
/* End PBXTargetDependency section */

/* Begin XCBuildConfiguration section */
		BC4F0A4D2909210E00F03F6D /* Debug */ = {
			isa = XCBuildConfiguration;
			buildSettings = {
				ALWAYS_SEARCH_USER_PATHS = NO;
				CLANG_ANALYZER_NONNULL = YES;
				CLANG_ANALYZER_NUMBER_OBJECT_CONVERSION = YES_AGGRESSIVE;
				CLANG_CXX_LANGUAGE_STANDARD = "gnu++20";
				CLANG_ENABLE_MODULES = YES;
				CLANG_ENABLE_OBJC_ARC = YES;
				CLANG_ENABLE_OBJC_WEAK = YES;
				CLANG_WARN_BLOCK_CAPTURE_AUTORELEASING = YES;
				CLANG_WARN_BOOL_CONVERSION = YES;
				CLANG_WARN_COMMA = YES;
				CLANG_WARN_CONSTANT_CONVERSION = YES;
				CLANG_WARN_DEPRECATED_OBJC_IMPLEMENTATIONS = YES;
				CLANG_WARN_DIRECT_OBJC_ISA_USAGE = YES_ERROR;
				CLANG_WARN_DOCUMENTATION_COMMENTS = YES;
				CLANG_WARN_EMPTY_BODY = YES;
				CLANG_WARN_ENUM_CONVERSION = YES;
				CLANG_WARN_INFINITE_RECURSION = YES;
				CLANG_WARN_INT_CONVERSION = YES;
				CLANG_WARN_NON_LITERAL_NULL_CONVERSION = YES;
				CLANG_WARN_OBJC_IMPLICIT_RETAIN_SELF = YES;
				CLANG_WARN_OBJC_LITERAL_CONVERSION = YES;
				CLANG_WARN_OBJC_ROOT_CLASS = YES_ERROR;
				CLANG_WARN_QUOTED_INCLUDE_IN_FRAMEWORK_HEADER = YES;
				CLANG_WARN_RANGE_LOOP_ANALYSIS = YES;
				CLANG_WARN_STRICT_PROTOTYPES = YES;
				CLANG_WARN_SUSPICIOUS_MOVE = YES;
				CLANG_WARN_UNGUARDED_AVAILABILITY = YES_AGGRESSIVE;
				CLANG_WARN_UNREACHABLE_CODE = YES;
				CLANG_WARN__DUPLICATE_METHOD_MATCH = YES;
				COPY_PHASE_STRIP = NO;
				DEBUG_INFORMATION_FORMAT = dwarf;
				ENABLE_STRICT_OBJC_MSGSEND = YES;
				ENABLE_TESTABILITY = YES;
				GCC_C_LANGUAGE_STANDARD = gnu11;
				GCC_DYNAMIC_NO_PIC = NO;
				GCC_NO_COMMON_BLOCKS = YES;
				GCC_OPTIMIZATION_LEVEL = 0;
				GCC_PREPROCESSOR_DEFINITIONS = (
					"DEBUG=1",
					"$(inherited)",
				);
				GCC_WARN_64_TO_32_BIT_CONVERSION = YES;
				GCC_WARN_ABOUT_RETURN_TYPE = YES_ERROR;
				GCC_WARN_UNDECLARED_SELECTOR = YES;
				GCC_WARN_UNINITIALIZED_AUTOS = YES_AGGRESSIVE;
				GCC_WARN_UNUSED_FUNCTION = YES;
				GCC_WARN_UNUSED_VARIABLE = YES;
				IPHONEOS_DEPLOYMENT_TARGET = 16.0;
				MTL_ENABLE_DEBUG_INFO = INCLUDE_SOURCE;
				MTL_FAST_MATH = YES;
				ONLY_ACTIVE_ARCH = YES;
				SDKROOT = iphoneos;
				SWIFT_ACTIVE_COMPILATION_CONDITIONS = DEBUG;
				SWIFT_OPTIMIZATION_LEVEL = "-Onone";
			};
			name = Debug;
		};
		BC4F0A4E2909210E00F03F6D /* Release */ = {
			isa = XCBuildConfiguration;
			buildSettings = {
				ALWAYS_SEARCH_USER_PATHS = NO;
				CLANG_ANALYZER_NONNULL = YES;
				CLANG_ANALYZER_NUMBER_OBJECT_CONVERSION = YES_AGGRESSIVE;
				CLANG_CXX_LANGUAGE_STANDARD = "gnu++20";
				CLANG_ENABLE_MODULES = YES;
				CLANG_ENABLE_OBJC_ARC = YES;
				CLANG_ENABLE_OBJC_WEAK = YES;
				CLANG_WARN_BLOCK_CAPTURE_AUTORELEASING = YES;
				CLANG_WARN_BOOL_CONVERSION = YES;
				CLANG_WARN_COMMA = YES;
				CLANG_WARN_CONSTANT_CONVERSION = YES;
				CLANG_WARN_DEPRECATED_OBJC_IMPLEMENTATIONS = YES;
				CLANG_WARN_DIRECT_OBJC_ISA_USAGE = YES_ERROR;
				CLANG_WARN_DOCUMENTATION_COMMENTS = YES;
				CLANG_WARN_EMPTY_BODY = YES;
				CLANG_WARN_ENUM_CONVERSION = YES;
				CLANG_WARN_INFINITE_RECURSION = YES;
				CLANG_WARN_INT_CONVERSION = YES;
				CLANG_WARN_NON_LITERAL_NULL_CONVERSION = YES;
				CLANG_WARN_OBJC_IMPLICIT_RETAIN_SELF = YES;
				CLANG_WARN_OBJC_LITERAL_CONVERSION = YES;
				CLANG_WARN_OBJC_ROOT_CLASS = YES_ERROR;
				CLANG_WARN_QUOTED_INCLUDE_IN_FRAMEWORK_HEADER = YES;
				CLANG_WARN_RANGE_LOOP_ANALYSIS = YES;
				CLANG_WARN_STRICT_PROTOTYPES = YES;
				CLANG_WARN_SUSPICIOUS_MOVE = YES;
				CLANG_WARN_UNGUARDED_AVAILABILITY = YES_AGGRESSIVE;
				CLANG_WARN_UNREACHABLE_CODE = YES;
				CLANG_WARN__DUPLICATE_METHOD_MATCH = YES;
				COPY_PHASE_STRIP = NO;
				DEBUG_INFORMATION_FORMAT = "dwarf-with-dsym";
				ENABLE_NS_ASSERTIONS = NO;
				ENABLE_STRICT_OBJC_MSGSEND = YES;
				GCC_C_LANGUAGE_STANDARD = gnu11;
				GCC_NO_COMMON_BLOCKS = YES;
				GCC_WARN_64_TO_32_BIT_CONVERSION = YES;
				GCC_WARN_ABOUT_RETURN_TYPE = YES_ERROR;
				GCC_WARN_UNDECLARED_SELECTOR = YES;
				GCC_WARN_UNINITIALIZED_AUTOS = YES_AGGRESSIVE;
				GCC_WARN_UNUSED_FUNCTION = YES;
				GCC_WARN_UNUSED_VARIABLE = YES;
				IPHONEOS_DEPLOYMENT_TARGET = 16.0;
				MTL_ENABLE_DEBUG_INFO = NO;
				MTL_FAST_MATH = YES;
				SDKROOT = iphoneos;
				SWIFT_COMPILATION_MODE = wholemodule;
				SWIFT_OPTIMIZATION_LEVEL = "-O";
				VALIDATE_PRODUCT = YES;
			};
			name = Release;
		};
		BC4F0A502909210E00F03F6D /* Debug */ = {
			isa = XCBuildConfiguration;
			buildSettings = {
				ASSETCATALOG_COMPILER_APPICON_NAME = AppIcon;
				ASSETCATALOG_COMPILER_GLOBAL_ACCENT_COLOR_NAME = AccentColor;
				CODE_SIGN_STYLE = Automatic;
				CURRENT_PROJECT_VERSION = 1;
				DEVELOPMENT_ASSET_PATHS = "\"Concetration Game/Preview Content\"";
				ENABLE_PREVIEWS = YES;
				GENERATE_INFOPLIST_FILE = YES;
				INFOPLIST_KEY_UIApplicationSceneManifest_Generation = YES;
				INFOPLIST_KEY_UIApplicationSupportsIndirectInputEvents = YES;
				INFOPLIST_KEY_UILaunchScreen_Generation = YES;
				INFOPLIST_KEY_UISupportedInterfaceOrientations_iPad = "UIInterfaceOrientationPortrait UIInterfaceOrientationPortraitUpsideDown UIInterfaceOrientationLandscapeLeft UIInterfaceOrientationLandscapeRight";
				INFOPLIST_KEY_UISupportedInterfaceOrientations_iPhone = "UIInterfaceOrientationPortrait UIInterfaceOrientationLandscapeLeft UIInterfaceOrientationLandscapeRight";
				LD_RUNPATH_SEARCH_PATHS = (
					"$(inherited)",
					"@executable_path/Frameworks",
				);
				MARKETING_VERSION = 1.0;
				PRODUCT_BUNDLE_IDENTIFIER = "AlexHristov.Concetration-Game";
				PRODUCT_NAME = "$(TARGET_NAME)";
				SWIFT_EMIT_LOC_STRINGS = YES;
				SWIFT_VERSION = 5.0;
				TARGETED_DEVICE_FAMILY = "1,2";
			};
			name = Debug;
		};
		BC4F0A512909210E00F03F6D /* Release */ = {
			isa = XCBuildConfiguration;
			buildSettings = {
				ASSETCATALOG_COMPILER_APPICON_NAME = AppIcon;
				ASSETCATALOG_COMPILER_GLOBAL_ACCENT_COLOR_NAME = AccentColor;
				CODE_SIGN_STYLE = Automatic;
				CURRENT_PROJECT_VERSION = 1;
				DEVELOPMENT_ASSET_PATHS = "\"Concetration Game/Preview Content\"";
				ENABLE_PREVIEWS = YES;
				GENERATE_INFOPLIST_FILE = YES;
				INFOPLIST_KEY_UIApplicationSceneManifest_Generation = YES;
				INFOPLIST_KEY_UIApplicationSupportsIndirectInputEvents = YES;
				INFOPLIST_KEY_UILaunchScreen_Generation = YES;
				INFOPLIST_KEY_UISupportedInterfaceOrientations_iPad = "UIInterfaceOrientationPortrait UIInterfaceOrientationPortraitUpsideDown UIInterfaceOrientationLandscapeLeft UIInterfaceOrientationLandscapeRight";
				INFOPLIST_KEY_UISupportedInterfaceOrientations_iPhone = "UIInterfaceOrientationPortrait UIInterfaceOrientationLandscapeLeft UIInterfaceOrientationLandscapeRight";
				LD_RUNPATH_SEARCH_PATHS = (
					"$(inherited)",
					"@executable_path/Frameworks",
				);
				MARKETING_VERSION = 1.0;
				PRODUCT_BUNDLE_IDENTIFIER = "AlexHristov.Concetration-Game";
				PRODUCT_NAME = "$(TARGET_NAME)";
				SWIFT_EMIT_LOC_STRINGS = YES;
				SWIFT_VERSION = 5.0;
				TARGETED_DEVICE_FAMILY = "1,2";
			};
			name = Release;
		};
		BC4F0A532909210E00F03F6D /* Debug */ = {
			isa = XCBuildConfiguration;
			buildSettings = {
				ALWAYS_EMBED_SWIFT_STANDARD_LIBRARIES = YES;
				BUNDLE_LOADER = "$(TEST_HOST)";
				CODE_SIGN_STYLE = Automatic;
				CURRENT_PROJECT_VERSION = 1;
				GENERATE_INFOPLIST_FILE = YES;
				IPHONEOS_DEPLOYMENT_TARGET = 16.0;
				MARKETING_VERSION = 1.0;
				PRODUCT_BUNDLE_IDENTIFIER = "AlexHristov.Concetration-GameTests";
				PRODUCT_NAME = "$(TARGET_NAME)";
				SWIFT_EMIT_LOC_STRINGS = NO;
				SWIFT_VERSION = 5.0;
				TARGETED_DEVICE_FAMILY = "1,2";
				TEST_HOST = "$(BUILT_PRODUCTS_DIR)/Concetration Game.app/$(BUNDLE_EXECUTABLE_FOLDER_PATH)/Concetration Game";
			};
			name = Debug;
		};
		BC4F0A542909210E00F03F6D /* Release */ = {
			isa = XCBuildConfiguration;
			buildSettings = {
				ALWAYS_EMBED_SWIFT_STANDARD_LIBRARIES = YES;
				BUNDLE_LOADER = "$(TEST_HOST)";
				CODE_SIGN_STYLE = Automatic;
				CURRENT_PROJECT_VERSION = 1;
				GENERATE_INFOPLIST_FILE = YES;
				IPHONEOS_DEPLOYMENT_TARGET = 16.0;
				MARKETING_VERSION = 1.0;
				PRODUCT_BUNDLE_IDENTIFIER = "AlexHristov.Concetration-GameTests";
				PRODUCT_NAME = "$(TARGET_NAME)";
				SWIFT_EMIT_LOC_STRINGS = NO;
				SWIFT_VERSION = 5.0;
				TARGETED_DEVICE_FAMILY = "1,2";
				TEST_HOST = "$(BUILT_PRODUCTS_DIR)/Concetration Game.app/$(BUNDLE_EXECUTABLE_FOLDER_PATH)/Concetration Game";
			};
			name = Release;
		};
		BC4F0A562909210E00F03F6D /* Debug */ = {
			isa = XCBuildConfiguration;
			buildSettings = {
				ALWAYS_EMBED_SWIFT_STANDARD_LIBRARIES = YES;
				CODE_SIGN_STYLE = Automatic;
				CURRENT_PROJECT_VERSION = 1;
				GENERATE_INFOPLIST_FILE = YES;
				MARKETING_VERSION = 1.0;
				PRODUCT_BUNDLE_IDENTIFIER = "AlexHristov.Concetration-GameUITests";
				PRODUCT_NAME = "$(TARGET_NAME)";
				SWIFT_EMIT_LOC_STRINGS = NO;
				SWIFT_VERSION = 5.0;
				TARGETED_DEVICE_FAMILY = "1,2";
				TEST_TARGET_NAME = "Concetration Game";
			};
			name = Debug;
		};
		BC4F0A572909210E00F03F6D /* Release */ = {
			isa = XCBuildConfiguration;
			buildSettings = {
				ALWAYS_EMBED_SWIFT_STANDARD_LIBRARIES = YES;
				CODE_SIGN_STYLE = Automatic;
				CURRENT_PROJECT_VERSION = 1;
				GENERATE_INFOPLIST_FILE = YES;
				MARKETING_VERSION = 1.0;
				PRODUCT_BUNDLE_IDENTIFIER = "AlexHristov.Concetration-GameUITests";
				PRODUCT_NAME = "$(TARGET_NAME)";
				SWIFT_EMIT_LOC_STRINGS = NO;
				SWIFT_VERSION = 5.0;
				TARGETED_DEVICE_FAMILY = "1,2";
				TEST_TARGET_NAME = "Concetration Game";
			};
			name = Release;
		};
/* End XCBuildConfiguration section */

/* Begin XCConfigurationList section */
		BC4F0A262909210B00F03F6D /* Build configuration list for PBXProject "Concetration Game" */ = {
			isa = XCConfigurationList;
			buildConfigurations = (
				BC4F0A4D2909210E00F03F6D /* Debug */,
				BC4F0A4E2909210E00F03F6D /* Release */,
			);
			defaultConfigurationIsVisible = 0;
			defaultConfigurationName = Release;
		};
		BC4F0A4F2909210E00F03F6D /* Build configuration list for PBXNativeTarget "Concetration Game" */ = {
			isa = XCConfigurationList;
			buildConfigurations = (
				BC4F0A502909210E00F03F6D /* Debug */,
				BC4F0A512909210E00F03F6D /* Release */,
			);
			defaultConfigurationIsVisible = 0;
			defaultConfigurationName = Release;
		};
		BC4F0A522909210E00F03F6D /* Build configuration list for PBXNativeTarget "Concetration GameTests" */ = {
			isa = XCConfigurationList;
			buildConfigurations = (
				BC4F0A532909210E00F03F6D /* Debug */,
				BC4F0A542909210E00F03F6D /* Release */,
			);
			defaultConfigurationIsVisible = 0;
			defaultConfigurationName = Release;
		};
		BC4F0A552909210E00F03F6D /* Build configuration list for PBXNativeTarget "Concetration GameUITests" */ = {
			isa = XCConfigurationList;
			buildConfigurations = (
				BC4F0A562909210E00F03F6D /* Debug */,
				BC4F0A572909210E00F03F6D /* Release */,
			);
			defaultConfigurationIsVisible = 0;
			defaultConfigurationName = Release;
		};
/* End XCConfigurationList section */
	};
	rootObject = BC4F0A232909210B00F03F6D /* Project object */;
}
