// !$*UTF8*$!
{
	archiveVersion = 1;
	classes = {
	};
	objectVersion = 56;
	objects = {

/* Begin PBXBuildFile section */
		BC6234662938E044003F8269 /* ModelData.swift in Sources */ = {isa = PBXBuildFile; fileRef = BC6234652938E044003F8269 /* ModelData.swift */; };
		BC62346B2938E154003F8269 /* LandmarkRow.swift in Sources */ = {isa = PBXBuildFile; fileRef = BC62346A2938E154003F8269 /* LandmarkRow.swift */; };
		BC62346D2938E45B003F8269 /* LandmarkList.swift in Sources */ = {isa = PBXBuildFile; fileRef = BC62346C2938E45B003F8269 /* LandmarkList.swift */; };
		BC62346F2938E5B9003F8269 /* LandmarkDetail.swift in Sources */ = {isa = PBXBuildFile; fileRef = BC62346E2938E5B9003F8269 /* LandmarkDetail.swift */; };
		BCA62E4F2938CC06006788C2 /* LandmarksApp.swift in Sources */ = {isa = PBXBuildFile; fileRef = BCA62E4E2938CC06006788C2 /* LandmarksApp.swift */; };
		BCA62E512938CC06006788C2 /* ContentView.swift in Sources */ = {isa = PBXBuildFile; fileRef = BCA62E502938CC06006788C2 /* ContentView.swift */; };
		BCA62E532938CC08006788C2 /* Assets.xcassets in Resources */ = {isa = PBXBuildFile; fileRef = BCA62E522938CC08006788C2 /* Assets.xcassets */; };
		BCA62E562938CC08006788C2 /* Preview Assets.xcassets in Resources */ = {isa = PBXBuildFile; fileRef = BCA62E552938CC08006788C2 /* Preview Assets.xcassets */; };
		BCA62E602938CC08006788C2 /* LandmarksTests.swift in Sources */ = {isa = PBXBuildFile; fileRef = BCA62E5F2938CC08006788C2 /* LandmarksTests.swift */; };
		BCA62E6A2938CC08006788C2 /* LandmarksUITests.swift in Sources */ = {isa = PBXBuildFile; fileRef = BCA62E692938CC08006788C2 /* LandmarksUITests.swift */; };
		BCA62E6C2938CC08006788C2 /* LandmarksUITestsLaunchTests.swift in Sources */ = {isa = PBXBuildFile; fileRef = BCA62E6B2938CC08006788C2 /* LandmarksUITestsLaunchTests.swift */; };
		BCA62E792938D063006788C2 /* CircleImage.swift in Sources */ = {isa = PBXBuildFile; fileRef = BCA62E782938D063006788C2 /* CircleImage.swift */; };
		BCA62E7B2938D1C4006788C2 /* MapView.swift in Sources */ = {isa = PBXBuildFile; fileRef = BCA62E7A2938D1C4006788C2 /* MapView.swift */; };
		BCA62E7D2938DAFF006788C2 /* landmarkData.json in Resources */ = {isa = PBXBuildFile; fileRef = BCA62E7C2938DAFE006788C2 /* landmarkData.json */; };
		BCA62E7F2938DB22006788C2 /* Landmark.swift in Sources */ = {isa = PBXBuildFile; fileRef = BCA62E7E2938DB22006788C2 /* Landmark.swift */; };
/* End PBXBuildFile section */

/* Begin PBXContainerItemProxy section */
		BCA62E5C2938CC08006788C2 /* PBXContainerItemProxy */ = {
			isa = PBXContainerItemProxy;
			containerPortal = BCA62E432938CC06006788C2 /* Project object */;
			proxyType = 1;
			remoteGlobalIDString = BCA62E4A2938CC06006788C2;
			remoteInfo = Landmarks;
		};
		BCA62E662938CC08006788C2 /* PBXContainerItemProxy */ = {
			isa = PBXContainerItemProxy;
			containerPortal = BCA62E432938CC06006788C2 /* Project object */;
			proxyType = 1;
			remoteGlobalIDString = BCA62E4A2938CC06006788C2;
			remoteInfo = Landmarks;
		};
/* End PBXContainerItemProxy section */

/* Begin PBXFileReference section */
		BC6234652938E044003F8269 /* ModelData.swift */ = {isa = PBXFileReference; lastKnownFileType = sourcecode.swift; path = ModelData.swift; sourceTree = "<group>"; };
		BC62346A2938E154003F8269 /* LandmarkRow.swift */ = {isa = PBXFileReference; lastKnownFileType = sourcecode.swift; path = LandmarkRow.swift; sourceTree = "<group>"; };
		BC62346C2938E45B003F8269 /* LandmarkList.swift */ = {isa = PBXFileReference; lastKnownFileType = sourcecode.swift; path = LandmarkList.swift; sourceTree = "<group>"; };
		BC62346E2938E5B9003F8269 /* LandmarkDetail.swift */ = {isa = PBXFileReference; lastKnownFileType = sourcecode.swift; path = LandmarkDetail.swift; sourceTree = "<group>"; };
		BCA62E4B2938CC06006788C2 /* Landmarks.app */ = {isa = PBXFileReference; explicitFileType = wrapper.application; includeInIndex = 0; path = Landmarks.app; sourceTree = BUILT_PRODUCTS_DIR; };
		BCA62E4E2938CC06006788C2 /* LandmarksApp.swift */ = {isa = PBXFileReference; lastKnownFileType = sourcecode.swift; path = LandmarksApp.swift; sourceTree = "<group>"; };
		BCA62E502938CC06006788C2 /* ContentView.swift */ = {isa = PBXFileReference; lastKnownFileType = sourcecode.swift; path = ContentView.swift; sourceTree = "<group>"; };
		BCA62E522938CC08006788C2 /* Assets.xcassets */ = {isa = PBXFileReference; lastKnownFileType = folder.assetcatalog; path = Assets.xcassets; sourceTree = "<group>"; };
		BCA62E552938CC08006788C2 /* Preview Assets.xcassets */ = {isa = PBXFileReference; lastKnownFileType = folder.assetcatalog; path = "Preview Assets.xcassets"; sourceTree = "<group>"; };
		BCA62E5B2938CC08006788C2 /* LandmarksTests.xctest */ = {isa = PBXFileReference; explicitFileType = wrapper.cfbundle; includeInIndex = 0; path = LandmarksTests.xctest; sourceTree = BUILT_PRODUCTS_DIR; };
		BCA62E5F2938CC08006788C2 /* LandmarksTests.swift */ = {isa = PBXFileReference; lastKnownFileType = sourcecode.swift; path = LandmarksTests.swift; sourceTree = "<group>"; };
		BCA62E652938CC08006788C2 /* LandmarksUITests.xctest */ = {isa = PBXFileReference; explicitFileType = wrapper.cfbundle; includeInIndex = 0; path = LandmarksUITests.xctest; sourceTree = BUILT_PRODUCTS_DIR; };
		BCA62E692938CC08006788C2 /* LandmarksUITests.swift */ = {isa = PBXFileReference; lastKnownFileType = sourcecode.swift; path = LandmarksUITests.swift; sourceTree = "<group>"; };
		BCA62E6B2938CC08006788C2 /* LandmarksUITestsLaunchTests.swift */ = {isa = PBXFileReference; lastKnownFileType = sourcecode.swift; path = LandmarksUITestsLaunchTests.swift; sourceTree = "<group>"; };
		BCA62E782938D063006788C2 /* CircleImage.swift */ = {isa = PBXFileReference; lastKnownFileType = sourcecode.swift; path = CircleImage.swift; sourceTree = "<group>"; };
		BCA62E7A2938D1C4006788C2 /* MapView.swift */ = {isa = PBXFileReference; lastKnownFileType = sourcecode.swift; path = MapView.swift; sourceTree = "<group>"; };
		BCA62E7C2938DAFE006788C2 /* landmarkData.json */ = {isa = PBXFileReference; fileEncoding = 4; lastKnownFileType = text.json; path = landmarkData.json; sourceTree = "<group>"; };
		BCA62E7E2938DB22006788C2 /* Landmark.swift */ = {isa = PBXFileReference; lastKnownFileType = sourcecode.swift; path = Landmark.swift; sourceTree = "<group>"; };
/* End PBXFileReference section */

/* Begin PBXFrameworksBuildPhase section */
		BCA62E482938CC06006788C2 /* Frameworks */ = {
			isa = PBXFrameworksBuildPhase;
			buildActionMask = 2147483647;
			files = (
			);
			runOnlyForDeploymentPostprocessing = 0;
		};
		BCA62E582938CC08006788C2 /* Frameworks */ = {
			isa = PBXFrameworksBuildPhase;
			buildActionMask = 2147483647;
			files = (
			);
			runOnlyForDeploymentPostprocessing = 0;
		};
		BCA62E622938CC08006788C2 /* Frameworks */ = {
			isa = PBXFrameworksBuildPhase;
			buildActionMask = 2147483647;
			files = (
			);
			runOnlyForDeploymentPostprocessing = 0;
		};
/* End PBXFrameworksBuildPhase section */

/* Begin PBXGroup section */
		BC6234672938E08D003F8269 /* Views */ = {
			isa = PBXGroup;
			children = (
				BCA62E782938D063006788C2 /* CircleImage.swift */,
				BC62346A2938E154003F8269 /* LandmarkRow.swift */,
				BCA62E7A2938D1C4006788C2 /* MapView.swift */,
				BCA62E502938CC06006788C2 /* ContentView.swift */,
				BC62346C2938E45B003F8269 /* LandmarkList.swift */,
				BC62346E2938E5B9003F8269 /* LandmarkDetail.swift */,
			);
			path = Views;
			sourceTree = "<group>";
		};
		BC6234682938E0B2003F8269 /* Resources */ = {
			isa = PBXGroup;
			children = (
				BCA62E7C2938DAFE006788C2 /* landmarkData.json */,
			);
			path = Resources;
			sourceTree = "<group>";
		};
		BC6234692938E0DD003F8269 /* Model */ = {
			isa = PBXGroup;
			children = (
				BCA62E7E2938DB22006788C2 /* Landmark.swift */,
				BC6234652938E044003F8269 /* ModelData.swift */,
			);
			path = Model;
			sourceTree = "<group>";
		};
		BCA62E422938CC06006788C2 = {
			isa = PBXGroup;
			children = (
				BCA62E4D2938CC06006788C2 /* Landmarks */,
				BCA62E5E2938CC08006788C2 /* LandmarksTests */,
				BCA62E682938CC08006788C2 /* LandmarksUITests */,
				BCA62E4C2938CC06006788C2 /* Products */,
			);
			sourceTree = "<group>";
		};
		BCA62E4C2938CC06006788C2 /* Products */ = {
			isa = PBXGroup;
			children = (
				BCA62E4B2938CC06006788C2 /* Landmarks.app */,
				BCA62E5B2938CC08006788C2 /* LandmarksTests.xctest */,
				BCA62E652938CC08006788C2 /* LandmarksUITests.xctest */,
			);
			name = Products;
			sourceTree = "<group>";
		};
		BCA62E4D2938CC06006788C2 /* Landmarks */ = {
			isa = PBXGroup;
			children = (
				BCA62E522938CC08006788C2 /* Assets.xcassets */,
				BCA62E4E2938CC06006788C2 /* LandmarksApp.swift */,
				BC6234672938E08D003F8269 /* Views */,
				BC6234692938E0DD003F8269 /* Model */,
				BC6234682938E0B2003F8269 /* Resources */,
				BCA62E542938CC08006788C2 /* Preview Content */,
			);
			path = Landmarks;
			sourceTree = "<group>";
		};
		BCA62E542938CC08006788C2 /* Preview Content */ = {
			isa = PBXGroup;
			children = (
				BCA62E552938CC08006788C2 /* Preview Assets.xcassets */,
			);
			path = "Preview Content";
			sourceTree = "<group>";
		};
		BCA62E5E2938CC08006788C2 /* LandmarksTests */ = {
			isa = PBXGroup;
			children = (
				BCA62E5F2938CC08006788C2 /* LandmarksTests.swift */,
			);
			path = LandmarksTests;
			sourceTree = "<group>";
		};
		BCA62E682938CC08006788C2 /* LandmarksUITests */ = {
			isa = PBXGroup;
			children = (
				BCA62E692938CC08006788C2 /* LandmarksUITests.swift */,
				BCA62E6B2938CC08006788C2 /* LandmarksUITestsLaunchTests.swift */,
			);
			path = LandmarksUITests;
			sourceTree = "<group>";
		};
/* End PBXGroup section */

/* Begin PBXNativeTarget section */
		BCA62E4A2938CC06006788C2 /* Landmarks */ = {
			isa = PBXNativeTarget;
			buildConfigurationList = BCA62E6F2938CC08006788C2 /* Build configuration list for PBXNativeTarget "Landmarks" */;
			buildPhases = (
				BCA62E472938CC06006788C2 /* Sources */,
				BCA62E482938CC06006788C2 /* Frameworks */,
				BCA62E492938CC06006788C2 /* Resources */,
			);
			buildRules = (
			);
			dependencies = (
			);
			name = Landmarks;
			productName = Landmarks;
			productReference = BCA62E4B2938CC06006788C2 /* Landmarks.app */;
			productType = "com.apple.product-type.application";
		};
		BCA62E5A2938CC08006788C2 /* LandmarksTests */ = {
			isa = PBXNativeTarget;
			buildConfigurationList = BCA62E722938CC08006788C2 /* Build configuration list for PBXNativeTarget "LandmarksTests" */;
			buildPhases = (
				BCA62E572938CC08006788C2 /* Sources */,
				BCA62E582938CC08006788C2 /* Frameworks */,
				BCA62E592938CC08006788C2 /* Resources */,
			);
			buildRules = (
			);
			dependencies = (
				BCA62E5D2938CC08006788C2 /* PBXTargetDependency */,
			);
			name = LandmarksTests;
			productName = LandmarksTests;
			productReference = BCA62E5B2938CC08006788C2 /* LandmarksTests.xctest */;
			productType = "com.apple.product-type.bundle.unit-test";
		};
		BCA62E642938CC08006788C2 /* LandmarksUITests */ = {
			isa = PBXNativeTarget;
			buildConfigurationList = BCA62E752938CC08006788C2 /* Build configuration list for PBXNativeTarget "LandmarksUITests" */;
			buildPhases = (
				BCA62E612938CC08006788C2 /* Sources */,
				BCA62E622938CC08006788C2 /* Frameworks */,
				BCA62E632938CC08006788C2 /* Resources */,
			);
			buildRules = (
			);
			dependencies = (
				BCA62E672938CC08006788C2 /* PBXTargetDependency */,
			);
			name = LandmarksUITests;
			productName = LandmarksUITests;
			productReference = BCA62E652938CC08006788C2 /* LandmarksUITests.xctest */;
			productType = "com.apple.product-type.bundle.ui-testing";
		};
/* End PBXNativeTarget section */

/* Begin PBXProject section */
		BCA62E432938CC06006788C2 /* Project object */ = {
			isa = PBXProject;
			attributes = {
				BuildIndependentTargetsInParallel = 1;
				LastSwiftUpdateCheck = 1410;
				LastUpgradeCheck = 1410;
				TargetAttributes = {
					BCA62E4A2938CC06006788C2 = {
						CreatedOnToolsVersion = 14.1;
					};
					BCA62E5A2938CC08006788C2 = {
						CreatedOnToolsVersion = 14.1;
						TestTargetID = BCA62E4A2938CC06006788C2;
					};
					BCA62E642938CC08006788C2 = {
						CreatedOnToolsVersion = 14.1;
						TestTargetID = BCA62E4A2938CC06006788C2;
					};
				};
			};
			buildConfigurationList = BCA62E462938CC06006788C2 /* Build configuration list for PBXProject "Landmarks" */;
			compatibilityVersion = "Xcode 14.0";
			developmentRegion = en;
			hasScannedForEncodings = 0;
			knownRegions = (
				en,
				Base,
			);
			mainGroup = BCA62E422938CC06006788C2;
			productRefGroup = BCA62E4C2938CC06006788C2 /* Products */;
			projectDirPath = "";
			projectRoot = "";
			targets = (
				BCA62E4A2938CC06006788C2 /* Landmarks */,
				BCA62E5A2938CC08006788C2 /* LandmarksTests */,
				BCA62E642938CC08006788C2 /* LandmarksUITests */,
			);
		};
/* End PBXProject section */

/* Begin PBXResourcesBuildPhase section */
		BCA62E492938CC06006788C2 /* Resources */ = {
			isa = PBXResourcesBuildPhase;
			buildActionMask = 2147483647;
			files = (
				BCA62E562938CC08006788C2 /* Preview Assets.xcassets in Resources */,
				BCA62E532938CC08006788C2 /* Assets.xcassets in Resources */,
				BCA62E7D2938DAFF006788C2 /* landmarkData.json in Resources */,
			);
			runOnlyForDeploymentPostprocessing = 0;
		};
		BCA62E592938CC08006788C2 /* Resources */ = {
			isa = PBXResourcesBuildPhase;
			buildActionMask = 2147483647;
			files = (
			);
			runOnlyForDeploymentPostprocessing = 0;
		};
		BCA62E632938CC08006788C2 /* Resources */ = {
			isa = PBXResourcesBuildPhase;
			buildActionMask = 2147483647;
			files = (
			);
			runOnlyForDeploymentPostprocessing = 0;
		};
/* End PBXResourcesBuildPhase section */

/* Begin PBXSourcesBuildPhase section */
		BCA62E472938CC06006788C2 /* Sources */ = {
			isa = PBXSourcesBuildPhase;
			buildActionMask = 2147483647;
			files = (
				BCA62E512938CC06006788C2 /* ContentView.swift in Sources */,
				BCA62E7B2938D1C4006788C2 /* MapView.swift in Sources */,
				BCA62E4F2938CC06006788C2 /* LandmarksApp.swift in Sources */,
				BC62346D2938E45B003F8269 /* LandmarkList.swift in Sources */,
				BC62346F2938E5B9003F8269 /* LandmarkDetail.swift in Sources */,
				BCA62E792938D063006788C2 /* CircleImage.swift in Sources */,
				BCA62E7F2938DB22006788C2 /* Landmark.swift in Sources */,
				BC62346B2938E154003F8269 /* LandmarkRow.swift in Sources */,
				BC6234662938E044003F8269 /* ModelData.swift in Sources */,
			);
			runOnlyForDeploymentPostprocessing = 0;
		};
		BCA62E572938CC08006788C2 /* Sources */ = {
			isa = PBXSourcesBuildPhase;
			buildActionMask = 2147483647;
			files = (
				BCA62E602938CC08006788C2 /* LandmarksTests.swift in Sources */,
			);
			runOnlyForDeploymentPostprocessing = 0;
		};
		BCA62E612938CC08006788C2 /* Sources */ = {
			isa = PBXSourcesBuildPhase;
			buildActionMask = 2147483647;
			files = (
				BCA62E6C2938CC08006788C2 /* LandmarksUITestsLaunchTests.swift in Sources */,
				BCA62E6A2938CC08006788C2 /* LandmarksUITests.swift in Sources */,
			);
			runOnlyForDeploymentPostprocessing = 0;
		};
/* End PBXSourcesBuildPhase section */

/* Begin PBXTargetDependency section */
		BCA62E5D2938CC08006788C2 /* PBXTargetDependency */ = {
			isa = PBXTargetDependency;
			target = BCA62E4A2938CC06006788C2 /* Landmarks */;
			targetProxy = BCA62E5C2938CC08006788C2 /* PBXContainerItemProxy */;
		};
		BCA62E672938CC08006788C2 /* PBXTargetDependency */ = {
			isa = PBXTargetDependency;
			target = BCA62E4A2938CC06006788C2 /* Landmarks */;
			targetProxy = BCA62E662938CC08006788C2 /* PBXContainerItemProxy */;
		};
/* End PBXTargetDependency section */

/* Begin XCBuildConfiguration section */
		BCA62E6D2938CC08006788C2 /* Debug */ = {
			isa = XCBuildConfiguration;
			buildSettings = {
				ALWAYS_SEARCH_USER_PATHS = NO;
				CLANG_ANALYZER_NONNULL = YES;
				CLANG_ANALYZER_NUMBER_OBJECT_CONVERSION = YES_AGGRESSIVE;
				CLANG_CXX_LANGUAGE_STANDARD = "gnu++20";
				CLANG_ENABLE_MODULES = YES;
				CLANG_ENABLE_OBJC_ARC = YES;
				CLANG_ENABLE_OBJC_WEAK = YES;
				CLANG_WARN_BLOCK_CAPTURE_AUTORELEASING = YES;
				CLANG_WARN_BOOL_CONVERSION = YES;
				CLANG_WARN_COMMA = YES;
				CLANG_WARN_CONSTANT_CONVERSION = YES;
				CLANG_WARN_DEPRECATED_OBJC_IMPLEMENTATIONS = YES;
				CLANG_WARN_DIRECT_OBJC_ISA_USAGE = YES_ERROR;
				CLANG_WARN_DOCUMENTATION_COMMENTS = YES;
				CLANG_WARN_EMPTY_BODY = YES;
				CLANG_WARN_ENUM_CONVERSION = YES;
				CLANG_WARN_INFINITE_RECURSION = YES;
				CLANG_WARN_INT_CONVERSION = YES;
				CLANG_WARN_NON_LITERAL_NULL_CONVERSION = YES;
				CLANG_WARN_OBJC_IMPLICIT_RETAIN_SELF = YES;
				CLANG_WARN_OBJC_LITERAL_CONVERSION = YES;
				CLANG_WARN_OBJC_ROOT_CLASS = YES_ERROR;
				CLANG_WARN_QUOTED_INCLUDE_IN_FRAMEWORK_HEADER = YES;
				CLANG_WARN_RANGE_LOOP_ANALYSIS = YES;
				CLANG_WARN_STRICT_PROTOTYPES = YES;
				CLANG_WARN_SUSPICIOUS_MOVE = YES;
				CLANG_WARN_UNGUARDED_AVAILABILITY = YES_AGGRESSIVE;
				CLANG_WARN_UNREACHABLE_CODE = YES;
				CLANG_WARN__DUPLICATE_METHOD_MATCH = YES;
				COPY_PHASE_STRIP = NO;
				DEBUG_INFORMATION_FORMAT = dwarf;
				ENABLE_STRICT_OBJC_MSGSEND = YES;
				ENABLE_TESTABILITY = YES;
				GCC_C_LANGUAGE_STANDARD = gnu11;
				GCC_DYNAMIC_NO_PIC = NO;
				GCC_NO_COMMON_BLOCKS = YES;
				GCC_OPTIMIZATION_LEVEL = 0;
				GCC_PREPROCESSOR_DEFINITIONS = (
					"DEBUG=1",
					"$(inherited)",
				);
				GCC_WARN_64_TO_32_BIT_CONVERSION = YES;
				GCC_WARN_ABOUT_RETURN_TYPE = YES_ERROR;
				GCC_WARN_UNDECLARED_SELECTOR = YES;
				GCC_WARN_UNINITIALIZED_AUTOS = YES_AGGRESSIVE;
				GCC_WARN_UNUSED_FUNCTION = YES;
				GCC_WARN_UNUSED_VARIABLE = YES;
				IPHONEOS_DEPLOYMENT_TARGET = 16.1;
				MTL_ENABLE_DEBUG_INFO = INCLUDE_SOURCE;
				MTL_FAST_MATH = YES;
				ONLY_ACTIVE_ARCH = YES;
				SDKROOT = iphoneos;
				SWIFT_ACTIVE_COMPILATION_CONDITIONS = DEBUG;
				SWIFT_OPTIMIZATION_LEVEL = "-Onone";
			};
			name = Debug;
		};
		BCA62E6E2938CC08006788C2 /* Release */ = {
			isa = XCBuildConfiguration;
			buildSettings = {
				ALWAYS_SEARCH_USER_PATHS = NO;
				CLANG_ANALYZER_NONNULL = YES;
				CLANG_ANALYZER_NUMBER_OBJECT_CONVERSION = YES_AGGRESSIVE;
				CLANG_CXX_LANGUAGE_STANDARD = "gnu++20";
				CLANG_ENABLE_MODULES = YES;
				CLANG_ENABLE_OBJC_ARC = YES;
				CLANG_ENABLE_OBJC_WEAK = YES;
				CLANG_WARN_BLOCK_CAPTURE_AUTORELEASING = YES;
				CLANG_WARN_BOOL_CONVERSION = YES;
				CLANG_WARN_COMMA = YES;
				CLANG_WARN_CONSTANT_CONVERSION = YES;
				CLANG_WARN_DEPRECATED_OBJC_IMPLEMENTATIONS = YES;
				CLANG_WARN_DIRECT_OBJC_ISA_USAGE = YES_ERROR;
				CLANG_WARN_DOCUMENTATION_COMMENTS = YES;
				CLANG_WARN_EMPTY_BODY = YES;
				CLANG_WARN_ENUM_CONVERSION = YES;
				CLANG_WARN_INFINITE_RECURSION = YES;
				CLANG_WARN_INT_CONVERSION = YES;
				CLANG_WARN_NON_LITERAL_NULL_CONVERSION = YES;
				CLANG_WARN_OBJC_IMPLICIT_RETAIN_SELF = YES;
				CLANG_WARN_OBJC_LITERAL_CONVERSION = YES;
				CLANG_WARN_OBJC_ROOT_CLASS = YES_ERROR;
				CLANG_WARN_QUOTED_INCLUDE_IN_FRAMEWORK_HEADER = YES;
				CLANG_WARN_RANGE_LOOP_ANALYSIS = YES;
				CLANG_WARN_STRICT_PROTOTYPES = YES;
				CLANG_WARN_SUSPICIOUS_MOVE = YES;
				CLANG_WARN_UNGUARDED_AVAILABILITY = YES_AGGRESSIVE;
				CLANG_WARN_UNREACHABLE_CODE = YES;
				CLANG_WARN__DUPLICATE_METHOD_MATCH = YES;
				COPY_PHASE_STRIP = NO;
				DEBUG_INFORMATION_FORMAT = "dwarf-with-dsym";
				ENABLE_NS_ASSERTIONS = NO;
				ENABLE_STRICT_OBJC_MSGSEND = YES;
				GCC_C_LANGUAGE_STANDARD = gnu11;
				GCC_NO_COMMON_BLOCKS = YES;
				GCC_WARN_64_TO_32_BIT_CONVERSION = YES;
				GCC_WARN_ABOUT_RETURN_TYPE = YES_ERROR;
				GCC_WARN_UNDECLARED_SELECTOR = YES;
				GCC_WARN_UNINITIALIZED_AUTOS = YES_AGGRESSIVE;
				GCC_WARN_UNUSED_FUNCTION = YES;
				GCC_WARN_UNUSED_VARIABLE = YES;
				IPHONEOS_DEPLOYMENT_TARGET = 16.1;
				MTL_ENABLE_DEBUG_INFO = NO;
				MTL_FAST_MATH = YES;
				SDKROOT = iphoneos;
				SWIFT_COMPILATION_MODE = wholemodule;
				SWIFT_OPTIMIZATION_LEVEL = "-O";
				VALIDATE_PRODUCT = YES;
			};
			name = Release;
		};
		BCA62E702938CC08006788C2 /* Debug */ = {
			isa = XCBuildConfiguration;
			buildSettings = {
				ASSETCATALOG_COMPILER_APPICON_NAME = AppIcon;
				ASSETCATALOG_COMPILER_GLOBAL_ACCENT_COLOR_NAME = AccentColor;
				CODE_SIGN_STYLE = Automatic;
				CURRENT_PROJECT_VERSION = 1;
				DEVELOPMENT_ASSET_PATHS = "\"Landmarks/Preview Content\"";
				ENABLE_PREVIEWS = YES;
				GENERATE_INFOPLIST_FILE = YES;
				INFOPLIST_KEY_UIApplicationSceneManifest_Generation = YES;
				INFOPLIST_KEY_UIApplicationSupportsIndirectInputEvents = YES;
				INFOPLIST_KEY_UILaunchScreen_Generation = YES;
				INFOPLIST_KEY_UISupportedInterfaceOrientations_iPad = "UIInterfaceOrientationPortrait UIInterfaceOrientationPortraitUpsideDown UIInterfaceOrientationLandscapeLeft UIInterfaceOrientationLandscapeRight";
				INFOPLIST_KEY_UISupportedInterfaceOrientations_iPhone = "UIInterfaceOrientationPortrait UIInterfaceOrientationLandscapeLeft UIInterfaceOrientationLandscapeRight";
				LD_RUNPATH_SEARCH_PATHS = (
					"$(inherited)",
					"@executable_path/Frameworks",
				);
				MARKETING_VERSION = 1.0;
				PRODUCT_BUNDLE_IDENTIFIER = AlexHristov.Landmarks;
				PRODUCT_NAME = "$(TARGET_NAME)";
				SWIFT_EMIT_LOC_STRINGS = YES;
				SWIFT_VERSION = 5.0;
				TARGETED_DEVICE_FAMILY = "1,2";
			};
			name = Debug;
		};
		BCA62E712938CC08006788C2 /* Release */ = {
			isa = XCBuildConfiguration;
			buildSettings = {
				ASSETCATALOG_COMPILER_APPICON_NAME = AppIcon;
				ASSETCATALOG_COMPILER_GLOBAL_ACCENT_COLOR_NAME = AccentColor;
				CODE_SIGN_STYLE = Automatic;
				CURRENT_PROJECT_VERSION = 1;
				DEVELOPMENT_ASSET_PATHS = "\"Landmarks/Preview Content\"";
				ENABLE_PREVIEWS = YES;
				GENERATE_INFOPLIST_FILE = YES;
				INFOPLIST_KEY_UIApplicationSceneManifest_Generation = YES;
				INFOPLIST_KEY_UIApplicationSupportsIndirectInputEvents = YES;
				INFOPLIST_KEY_UILaunchScreen_Generation = YES;
				INFOPLIST_KEY_UISupportedInterfaceOrientations_iPad = "UIInterfaceOrientationPortrait UIInterfaceOrientationPortraitUpsideDown UIInterfaceOrientationLandscapeLeft UIInterfaceOrientationLandscapeRight";
				INFOPLIST_KEY_UISupportedInterfaceOrientations_iPhone = "UIInterfaceOrientationPortrait UIInterfaceOrientationLandscapeLeft UIInterfaceOrientationLandscapeRight";
				LD_RUNPATH_SEARCH_PATHS = (
					"$(inherited)",
					"@executable_path/Frameworks",
				);
				MARKETING_VERSION = 1.0;
				PRODUCT_BUNDLE_IDENTIFIER = AlexHristov.Landmarks;
				PRODUCT_NAME = "$(TARGET_NAME)";
				SWIFT_EMIT_LOC_STRINGS = YES;
				SWIFT_VERSION = 5.0;
				TARGETED_DEVICE_FAMILY = "1,2";
			};
			name = Release;
		};
		BCA62E732938CC08006788C2 /* Debug */ = {
			isa = XCBuildConfiguration;
			buildSettings = {
				ALWAYS_EMBED_SWIFT_STANDARD_LIBRARIES = YES;
				BUNDLE_LOADER = "$(TEST_HOST)";
				CODE_SIGN_STYLE = Automatic;
				CURRENT_PROJECT_VERSION = 1;
				GENERATE_INFOPLIST_FILE = YES;
				IPHONEOS_DEPLOYMENT_TARGET = 16.1;
				MARKETING_VERSION = 1.0;
				PRODUCT_BUNDLE_IDENTIFIER = AlexHristov.LandmarksTests;
				PRODUCT_NAME = "$(TARGET_NAME)";
				SWIFT_EMIT_LOC_STRINGS = NO;
				SWIFT_VERSION = 5.0;
				TARGETED_DEVICE_FAMILY = "1,2";
				TEST_HOST = "$(BUILT_PRODUCTS_DIR)/Landmarks.app/$(BUNDLE_EXECUTABLE_FOLDER_PATH)/Landmarks";
			};
			name = Debug;
		};
		BCA62E742938CC08006788C2 /* Release */ = {
			isa = XCBuildConfiguration;
			buildSettings = {
				ALWAYS_EMBED_SWIFT_STANDARD_LIBRARIES = YES;
				BUNDLE_LOADER = "$(TEST_HOST)";
				CODE_SIGN_STYLE = Automatic;
				CURRENT_PROJECT_VERSION = 1;
				GENERATE_INFOPLIST_FILE = YES;
				IPHONEOS_DEPLOYMENT_TARGET = 16.1;
				MARKETING_VERSION = 1.0;
				PRODUCT_BUNDLE_IDENTIFIER = AlexHristov.LandmarksTests;
				PRODUCT_NAME = "$(TARGET_NAME)";
				SWIFT_EMIT_LOC_STRINGS = NO;
				SWIFT_VERSION = 5.0;
				TARGETED_DEVICE_FAMILY = "1,2";
				TEST_HOST = "$(BUILT_PRODUCTS_DIR)/Landmarks.app/$(BUNDLE_EXECUTABLE_FOLDER_PATH)/Landmarks";
			};
			name = Release;
		};
		BCA62E762938CC08006788C2 /* Debug */ = {
			isa = XCBuildConfiguration;
			buildSettings = {
				ALWAYS_EMBED_SWIFT_STANDARD_LIBRARIES = YES;
				CODE_SIGN_STYLE = Automatic;
				CURRENT_PROJECT_VERSION = 1;
				GENERATE_INFOPLIST_FILE = YES;
				MARKETING_VERSION = 1.0;
				PRODUCT_BUNDLE_IDENTIFIER = AlexHristov.LandmarksUITests;
				PRODUCT_NAME = "$(TARGET_NAME)";
				SWIFT_EMIT_LOC_STRINGS = NO;
				SWIFT_VERSION = 5.0;
				TARGETED_DEVICE_FAMILY = "1,2";
				TEST_TARGET_NAME = Landmarks;
			};
			name = Debug;
		};
		BCA62E772938CC08006788C2 /* Release */ = {
			isa = XCBuildConfiguration;
			buildSettings = {
				ALWAYS_EMBED_SWIFT_STANDARD_LIBRARIES = YES;
				CODE_SIGN_STYLE = Automatic;
				CURRENT_PROJECT_VERSION = 1;
				GENERATE_INFOPLIST_FILE = YES;
				MARKETING_VERSION = 1.0;
				PRODUCT_BUNDLE_IDENTIFIER = AlexHristov.LandmarksUITests;
				PRODUCT_NAME = "$(TARGET_NAME)";
				SWIFT_EMIT_LOC_STRINGS = NO;
				SWIFT_VERSION = 5.0;
				TARGETED_DEVICE_FAMILY = "1,2";
				TEST_TARGET_NAME = Landmarks;
			};
			name = Release;
		};
/* End XCBuildConfiguration section */

/* Begin XCConfigurationList section */
		BCA62E462938CC06006788C2 /* Build configuration list for PBXProject "Landmarks" */ = {
			isa = XCConfigurationList;
			buildConfigurations = (
				BCA62E6D2938CC08006788C2 /* Debug */,
				BCA62E6E2938CC08006788C2 /* Release */,
			);
			defaultConfigurationIsVisible = 0;
			defaultConfigurationName = Release;
		};
		BCA62E6F2938CC08006788C2 /* Build configuration list for PBXNativeTarget "Landmarks" */ = {
			isa = XCConfigurationList;
			buildConfigurations = (
				BCA62E702938CC08006788C2 /* Debug */,
				BCA62E712938CC08006788C2 /* Release */,
			);
			defaultConfigurationIsVisible = 0;
			defaultConfigurationName = Release;
		};
		BCA62E722938CC08006788C2 /* Build configuration list for PBXNativeTarget "LandmarksTests" */ = {
			isa = XCConfigurationList;
			buildConfigurations = (
				BCA62E732938CC08006788C2 /* Debug */,
				BCA62E742938CC08006788C2 /* Release */,
			);
			defaultConfigurationIsVisible = 0;
			defaultConfigurationName = Release;
		};
		BCA62E752938CC08006788C2 /* Build configuration list for PBXNativeTarget "LandmarksUITests" */ = {
			isa = XCConfigurationList;
			buildConfigurations = (
				BCA62E762938CC08006788C2 /* Debug */,
				BCA62E772938CC08006788C2 /* Release */,
			);
			defaultConfigurationIsVisible = 0;
			defaultConfigurationName = Release;
		};
/* End XCConfigurationList section */
	};
	rootObject = BCA62E432938CC06006788C2 /* Project object */;
}
